// !$*UTF8*$!
{
	archiveVersion = 1;
	classes = {
	};
	objectVersion = 55;
	objects = {

/* Begin PBXBuildFile section */
		0104CCC227BCBD3200F2D459 /* ActionViewController.swift in Sources */ = {isa = PBXBuildFile; fileRef = 0104CCC127BCBD3200F2D459 /* ActionViewController.swift */; };
		0104CCC527BCD3CF00F2D459 /* example.jpg in Resources */ = {isa = PBXBuildFile; fileRef = 0104CCC327BCD3CF00F2D459 /* example.jpg */; };
		0104CCC627BCD3CF00F2D459 /* example.mp4 in Resources */ = {isa = PBXBuildFile; fileRef = 0104CCC427BCD3CF00F2D459 /* example.mp4 */; };
		0104CCCC27BCD90100F2D459 /* example.mp3 in Resources */ = {isa = PBXBuildFile; fileRef = 0104CCCB27BCD90000F2D459 /* example.mp3 */; };
		0106A4DF27C321B6008788C4 /* sample.aiff in Resources */ = {isa = PBXBuildFile; fileRef = 0106A4DE27C321B6008788C4 /* sample.aiff */; };
		0106A4E127C32204008788C4 /* sample2.aiff in Resources */ = {isa = PBXBuildFile; fileRef = 0106A4E027C32204008788C4 /* sample2.aiff */; };
		0106A4E327C32D26008788C4 /* fullExample.mp3 in Resources */ = {isa = PBXBuildFile; fileRef = 0106A4E227C32D26008788C4 /* fullExample.mp3 */; };
		01D3B65F27BDD57C005D4C78 /* UserNotificationPublicist.swift in Sources */ = {isa = PBXBuildFile; fileRef = 01D3B65E27BDD57C005D4C78 /* UserNotificationPublicist.swift */; };
		01D3B66127BDF22B005D4C78 /* ListViewController.swift in Sources */ = {isa = PBXBuildFile; fileRef = 01D3B66027BDF22B005D4C78 /* ListViewController.swift */; };
		01D3B66427BDF382005D4C78 /* ListCell.swift in Sources */ = {isa = PBXBuildFile; fileRef = 01D3B66327BDF382005D4C78 /* ListCell.swift */; };
		01D3B66627BE112C005D4C78 /* UserRequest.swift in Sources */ = {isa = PBXBuildFile; fileRef = 01D3B66527BE112C005D4C78 /* UserRequest.swift */; };
		01D3B66A27BE1461005D4C78 /* ListViewModel.swift in Sources */ = {isa = PBXBuildFile; fileRef = 01D3B66927BE1461005D4C78 /* ListViewModel.swift */; };
		01DEF46027BC81B1000974D6 /* AppDelegate.swift in Sources */ = {isa = PBXBuildFile; fileRef = 01DEF45F27BC81B1000974D6 /* AppDelegate.swift */; };
		01DEF46227BC81B1000974D6 /* SceneDelegate.swift in Sources */ = {isa = PBXBuildFile; fileRef = 01DEF46127BC81B1000974D6 /* SceneDelegate.swift */; };
		01DEF46427BC81B1000974D6 /* IntervalViewController.swift in Sources */ = {isa = PBXBuildFile; fileRef = 01DEF46327BC81B1000974D6 /* IntervalViewController.swift */; };
		01DEF46727BC81B1000974D6 /* Main.storyboard in Resources */ = {isa = PBXBuildFile; fileRef = 01DEF46527BC81B1000974D6 /* Main.storyboard */; };
		01DEF46927BC81B2000974D6 /* Assets.xcassets in Resources */ = {isa = PBXBuildFile; fileRef = 01DEF46827BC81B2000974D6 /* Assets.xcassets */; };
		01DEF46C27BC81B2000974D6 /* LaunchScreen.storyboard in Resources */ = {isa = PBXBuildFile; fileRef = 01DEF46A27BC81B2000974D6 /* LaunchScreen.storyboard */; };
		01DEF47427BC8D0A000974D6 /* Identifier.swift in Sources */ = {isa = PBXBuildFile; fileRef = 01DEF47327BC8D0A000974D6 /* Identifier.swift */; };
		01DEF47827BC9380000974D6 /* CalendarViewController.swift in Sources */ = {isa = PBXBuildFile; fileRef = 01DEF47727BC9380000974D6 /* CalendarViewController.swift */; };
/* End PBXBuildFile section */

/* Begin PBXFileReference section */
		0104CCC127BCBD3200F2D459 /* ActionViewController.swift */ = {isa = PBXFileReference; lastKnownFileType = sourcecode.swift; path = ActionViewController.swift; sourceTree = "<group>"; };
		0104CCC327BCD3CF00F2D459 /* example.jpg */ = {isa = PBXFileReference; lastKnownFileType = image.jpeg; path = example.jpg; sourceTree = "<group>"; };
		0104CCC427BCD3CF00F2D459 /* example.mp4 */ = {isa = PBXFileReference; lastKnownFileType = file; path = example.mp4; sourceTree = "<group>"; };
		0104CCCB27BCD90000F2D459 /* example.mp3 */ = {isa = PBXFileReference; lastKnownFileType = audio.mp3; path = example.mp3; sourceTree = "<group>"; };
		0106A4DE27C321B6008788C4 /* sample.aiff */ = {isa = PBXFileReference; lastKnownFileType = audio.aiff; path = sample.aiff; sourceTree = "<group>"; };
		0106A4E027C32204008788C4 /* sample2.aiff */ = {isa = PBXFileReference; lastKnownFileType = audio.aiff; path = sample2.aiff; sourceTree = "<group>"; };
		0106A4E227C32D26008788C4 /* fullExample.mp3 */ = {isa = PBXFileReference; lastKnownFileType = audio.mp3; path = fullExample.mp3; sourceTree = "<group>"; };
		01D3B65E27BDD57C005D4C78 /* UserNotificationPublicist.swift */ = {isa = PBXFileReference; lastKnownFileType = sourcecode.swift; path = UserNotificationPublicist.swift; sourceTree = "<group>"; };
		01D3B66027BDF22B005D4C78 /* ListViewController.swift */ = {isa = PBXFileReference; lastKnownFileType = sourcecode.swift; path = ListViewController.swift; sourceTree = "<group>"; };
		01D3B66327BDF382005D4C78 /* ListCell.swift */ = {isa = PBXFileReference; lastKnownFileType = sourcecode.swift; path = ListCell.swift; sourceTree = "<group>"; };
		01D3B66527BE112C005D4C78 /* UserRequest.swift */ = {isa = PBXFileReference; lastKnownFileType = sourcecode.swift; path = UserRequest.swift; sourceTree = "<group>"; };
		01D3B66927BE1461005D4C78 /* ListViewModel.swift */ = {isa = PBXFileReference; lastKnownFileType = sourcecode.swift; path = ListViewModel.swift; sourceTree = "<group>"; };
		01DEF45C27BC81B1000974D6 /* UserNotification.app */ = {isa = PBXFileReference; explicitFileType = wrapper.application; includeInIndex = 0; path = UserNotification.app; sourceTree = BUILT_PRODUCTS_DIR; };
		01DEF45F27BC81B1000974D6 /* AppDelegate.swift */ = {isa = PBXFileReference; lastKnownFileType = sourcecode.swift; path = AppDelegate.swift; sourceTree = "<group>"; };
		01DEF46127BC81B1000974D6 /* SceneDelegate.swift */ = {isa = PBXFileReference; lastKnownFileType = sourcecode.swift; path = SceneDelegate.swift; sourceTree = "<group>"; };
		01DEF46327BC81B1000974D6 /* IntervalViewController.swift */ = {isa = PBXFileReference; lastKnownFileType = sourcecode.swift; path = IntervalViewController.swift; sourceTree = "<group>"; };
		01DEF46627BC81B1000974D6 /* Base */ = {isa = PBXFileReference; lastKnownFileType = file.storyboard; name = Base; path = Base.lproj/Main.storyboard; sourceTree = "<group>"; };
		01DEF46827BC81B2000974D6 /* Assets.xcassets */ = {isa = PBXFileReference; lastKnownFileType = folder.assetcatalog; path = Assets.xcassets; sourceTree = "<group>"; };
		01DEF46B27BC81B2000974D6 /* Base */ = {isa = PBXFileReference; lastKnownFileType = file.storyboard; name = Base; path = Base.lproj/LaunchScreen.storyboard; sourceTree = "<group>"; };
		01DEF46D27BC81B2000974D6 /* Info.plist */ = {isa = PBXFileReference; lastKnownFileType = text.plist.xml; path = Info.plist; sourceTree = "<group>"; };
		01DEF47327BC8D0A000974D6 /* Identifier.swift */ = {isa = PBXFileReference; lastKnownFileType = sourcecode.swift; path = Identifier.swift; sourceTree = "<group>"; };
		01DEF47727BC9380000974D6 /* CalendarViewController.swift */ = {isa = PBXFileReference; lastKnownFileType = sourcecode.swift; path = CalendarViewController.swift; sourceTree = "<group>"; };
/* End PBXFileReference section */

/* Begin PBXFrameworksBuildPhase section */
		01DEF45927BC81B1000974D6 /* Frameworks */ = {
			isa = PBXFrameworksBuildPhase;
			buildActionMask = 2147483647;
			files = (
			);
			runOnlyForDeploymentPostprocessing = 0;
		};
/* End PBXFrameworksBuildPhase section */

/* Begin PBXGroup section */
		0104CCCD27BCDD6D00F2D459 /* ViewControllers */ = {
			isa = PBXGroup;
			children = (
				01DEF46327BC81B1000974D6 /* IntervalViewController.swift */,
				01DEF47727BC9380000974D6 /* CalendarViewController.swift */,
				0104CCC127BCBD3200F2D459 /* ActionViewController.swift */,
				01D3B66027BDF22B005D4C78 /* ListViewController.swift */,
			);
			path = ViewControllers;
			sourceTree = "<group>";
		};
		0104CCCE27BCDD7C00F2D459 /* Assets */ = {
			isa = PBXGroup;
			children = (
				0104CCC327BCD3CF00F2D459 /* example.jpg */,
				0104CCC427BCD3CF00F2D459 /* example.mp4 */,
				0104CCCB27BCD90000F2D459 /* example.mp3 */,
			);
			path = Assets;
			sourceTree = "<group>";
		};
		0104CCCF27BCDD8900F2D459 /* Others */ = {
			isa = PBXGroup;
			children = (
				01DEF47327BC8D0A000974D6 /* Identifier.swift */,
				01D3B65E27BDD57C005D4C78 /* UserNotificationPublicist.swift */,
			);
			path = Others;
			sourceTree = "<group>";
		};
		01D3B66227BDF36C005D4C78 /* Cells */ = {
			isa = PBXGroup;
			children = (
				01D3B66327BDF382005D4C78 /* ListCell.swift */,
			);
			path = Cells;
			sourceTree = "<group>";
		};
		01D3B66727BE1133005D4C78 /* Models */ = {
			isa = PBXGroup;
			children = (
				01D3B66527BE112C005D4C78 /* UserRequest.swift */,
			);
			path = Models;
			sourceTree = "<group>";
		};
		01D3B66827BE1455005D4C78 /* ViewModels */ = {
			isa = PBXGroup;
			children = (
				01D3B66927BE1461005D4C78 /* ListViewModel.swift */,
			);
			path = ViewModels;
			sourceTree = "<group>";
		};
		01DEF45327BC81B1000974D6 = {
			isa = PBXGroup;
			children = (
				01DEF45E27BC81B1000974D6 /* UserNotification */,
				01DEF45D27BC81B1000974D6 /* Products */,
			);
			sourceTree = "<group>";
		};
		01DEF45D27BC81B1000974D6 /* Products */ = {
			isa = PBXGroup;
			children = (
				01DEF45C27BC81B1000974D6 /* UserNotification.app */,
			);
			name = Products;
			sourceTree = "<group>";
		};
		01DEF45E27BC81B1000974D6 /* UserNotification */ = {
			isa = PBXGroup;
			children = (
				0104CCCF27BCDD8900F2D459 /* Others */,
				01D3B66827BE1455005D4C78 /* ViewModels */,
				01D3B66727BE1133005D4C78 /* Models */,
				01D3B66227BDF36C005D4C78 /* Cells */,
				0104CCCE27BCDD7C00F2D459 /* Assets */,
				0104CCCD27BCDD6D00F2D459 /* ViewControllers */,
				01DEF45F27BC81B1000974D6 /* AppDelegate.swift */,
				01DEF46127BC81B1000974D6 /* SceneDelegate.swift */,
				01DEF46527BC81B1000974D6 /* Main.storyboard */,
				01DEF46827BC81B2000974D6 /* Assets.xcassets */,
				01DEF46A27BC81B2000974D6 /* LaunchScreen.storyboard */,
				01DEF46D27BC81B2000974D6 /* Info.plist */,
				0106A4DE27C321B6008788C4 /* sample.aiff */,
				0106A4E027C32204008788C4 /* sample2.aiff */,
				0106A4E227C32D26008788C4 /* fullExample.mp3 */,
			);
			path = UserNotification;
			sourceTree = "<group>";
		};
/* End PBXGroup section */

/* Begin PBXNativeTarget section */
		01DEF45B27BC81B1000974D6 /* UserNotification */ = {
			isa = PBXNativeTarget;
			buildConfigurationList = 01DEF47027BC81B2000974D6 /* Build configuration list for PBXNativeTarget "UserNotification" */;
			buildPhases = (
				01DEF45827BC81B1000974D6 /* Sources */,
				01DEF45927BC81B1000974D6 /* Frameworks */,
				01DEF45A27BC81B1000974D6 /* Resources */,
			);
			buildRules = (
			);
			dependencies = (
			);
			name = UserNotification;
			productName = UserNotification;
			productReference = 01DEF45C27BC81B1000974D6 /* UserNotification.app */;
			productType = "com.apple.product-type.application";
		};
/* End PBXNativeTarget section */

/* Begin PBXProject section */
		01DEF45427BC81B1000974D6 /* Project object */ = {
			isa = PBXProject;
			attributes = {
				BuildIndependentTargetsInParallel = 1;
				LastSwiftUpdateCheck = 1320;
				LastUpgradeCheck = 1320;
				TargetAttributes = {
					01DEF45B27BC81B1000974D6 = {
						CreatedOnToolsVersion = 13.2.1;
					};
				};
			};
			buildConfigurationList = 01DEF45727BC81B1000974D6 /* Build configuration list for PBXProject "UserNotification" */;
			compatibilityVersion = "Xcode 13.0";
			developmentRegion = en;
			hasScannedForEncodings = 0;
			knownRegions = (
				en,
				Base,
			);
			mainGroup = 01DEF45327BC81B1000974D6;
			productRefGroup = 01DEF45D27BC81B1000974D6 /* Products */;
			projectDirPath = "";
			projectRoot = "";
			targets = (
				01DEF45B27BC81B1000974D6 /* UserNotification */,
			);
		};
/* End PBXProject section */

/* Begin PBXResourcesBuildPhase section */
		01DEF45A27BC81B1000974D6 /* Resources */ = {
			isa = PBXResourcesBuildPhase;
			buildActionMask = 2147483647;
			files = (
				0106A4DF27C321B6008788C4 /* sample.aiff in Resources */,
				0104CCC627BCD3CF00F2D459 /* example.mp4 in Resources */,
				0106A4E127C32204008788C4 /* sample2.aiff in Resources */,
				01DEF46C27BC81B2000974D6 /* LaunchScreen.storyboard in Resources */,
				0104CCC527BCD3CF00F2D459 /* example.jpg in Resources */,
				01DEF46927BC81B2000974D6 /* Assets.xcassets in Resources */,
				0104CCCC27BCD90100F2D459 /* example.mp3 in Resources */,
				01DEF46727BC81B1000974D6 /* Main.storyboard in Resources */,
				0106A4E327C32D26008788C4 /* fullExample.mp3 in Resources */,
			);
			runOnlyForDeploymentPostprocessing = 0;
		};
/* End PBXResourcesBuildPhase section */

/* Begin PBXSourcesBuildPhase section */
		01DEF45827BC81B1000974D6 /* Sources */ = {
			isa = PBXSourcesBuildPhase;
			buildActionMask = 2147483647;
			files = (
				01DEF47827BC9380000974D6 /* CalendarViewController.swift in Sources */,
				01DEF47427BC8D0A000974D6 /* Identifier.swift in Sources */,
				0104CCC227BCBD3200F2D459 /* ActionViewController.swift in Sources */,
				01DEF46427BC81B1000974D6 /* IntervalViewController.swift in Sources */,
				01DEF46027BC81B1000974D6 /* AppDelegate.swift in Sources */,
				01DEF46227BC81B1000974D6 /* SceneDelegate.swift in Sources */,
				01D3B66427BDF382005D4C78 /* ListCell.swift in Sources */,
				01D3B66127BDF22B005D4C78 /* ListViewController.swift in Sources */,
				01D3B66627BE112C005D4C78 /* UserRequest.swift in Sources */,
				01D3B65F27BDD57C005D4C78 /* UserNotificationPublicist.swift in Sources */,
				01D3B66A27BE1461005D4C78 /* ListViewModel.swift in Sources */,
			);
			runOnlyForDeploymentPostprocessing = 0;
		};
/* End PBXSourcesBuildPhase section */

/* Begin PBXVariantGroup section */
		01DEF46527BC81B1000974D6 /* Main.storyboard */ = {
			isa = PBXVariantGroup;
			children = (
				01DEF46627BC81B1000974D6 /* Base */,
			);
			name = Main.storyboard;
			sourceTree = "<group>";
		};
		01DEF46A27BC81B2000974D6 /* LaunchScreen.storyboard */ = {
			isa = PBXVariantGroup;
			children = (
				01DEF46B27BC81B2000974D6 /* Base */,
			);
			name = LaunchScreen.storyboard;
			sourceTree = "<group>";
		};
/* End PBXVariantGroup section */

/* Begin XCBuildConfiguration section */
		01DEF46E27BC81B2000974D6 /* Debug */ = {
			isa = XCBuildConfiguration;
			buildSettings = {
				ALWAYS_SEARCH_USER_PATHS = NO;
				CLANG_ANALYZER_NONNULL = YES;
				CLANG_ANALYZER_NUMBER_OBJECT_CONVERSION = YES_AGGRESSIVE;
				CLANG_CXX_LANGUAGE_STANDARD = "gnu++17";
				CLANG_CXX_LIBRARY = "libc++";
				CLANG_ENABLE_MODULES = YES;
				CLANG_ENABLE_OBJC_ARC = YES;
				CLANG_ENABLE_OBJC_WEAK = YES;
				CLANG_WARN_BLOCK_CAPTURE_AUTORELEASING = YES;
				CLANG_WARN_BOOL_CONVERSION = YES;
				CLANG_WARN_COMMA = YES;
				CLANG_WARN_CONSTANT_CONVERSION = YES;
				CLANG_WARN_DEPRECATED_OBJC_IMPLEMENTATIONS = YES;
				CLANG_WARN_DIRECT_OBJC_ISA_USAGE = YES_ERROR;
				CLANG_WARN_DOCUMENTATION_COMMENTS = YES;
				CLANG_WARN_EMPTY_BODY = YES;
				CLANG_WARN_ENUM_CONVERSION = YES;
				CLANG_WARN_INFINITE_RECURSION = YES;
				CLANG_WARN_INT_CONVERSION = YES;
				CLANG_WARN_NON_LITERAL_NULL_CONVERSION = YES;
				CLANG_WARN_OBJC_IMPLICIT_RETAIN_SELF = YES;
				CLANG_WARN_OBJC_LITERAL_CONVERSION = YES;
				CLANG_WARN_OBJC_ROOT_CLASS = YES_ERROR;
				CLANG_WARN_QUOTED_INCLUDE_IN_FRAMEWORK_HEADER = YES;
				CLANG_WARN_RANGE_LOOP_ANALYSIS = YES;
				CLANG_WARN_STRICT_PROTOTYPES = YES;
				CLANG_WARN_SUSPICIOUS_MOVE = YES;
				CLANG_WARN_UNGUARDED_AVAILABILITY = YES_AGGRESSIVE;
				CLANG_WARN_UNREACHABLE_CODE = YES;
				CLANG_WARN__DUPLICATE_METHOD_MATCH = YES;
				COPY_PHASE_STRIP = NO;
				DEBUG_INFORMATION_FORMAT = dwarf;
				ENABLE_STRICT_OBJC_MSGSEND = YES;
				ENABLE_TESTABILITY = YES;
				GCC_C_LANGUAGE_STANDARD = gnu11;
				GCC_DYNAMIC_NO_PIC = NO;
				GCC_NO_COMMON_BLOCKS = YES;
				GCC_OPTIMIZATION_LEVEL = 0;
				GCC_PREPROCESSOR_DEFINITIONS = (
					"DEBUG=1",
					"$(inherited)",
				);
				GCC_WARN_64_TO_32_BIT_CONVERSION = YES;
				GCC_WARN_ABOUT_RETURN_TYPE = YES_ERROR;
				GCC_WARN_UNDECLARED_SELECTOR = YES;
				GCC_WARN_UNINITIALIZED_AUTOS = YES_AGGRESSIVE;
				GCC_WARN_UNUSED_FUNCTION = YES;
				GCC_WARN_UNUSED_VARIABLE = YES;
				IPHONEOS_DEPLOYMENT_TARGET = 15.2;
				MTL_ENABLE_DEBUG_INFO = INCLUDE_SOURCE;
				MTL_FAST_MATH = YES;
				ONLY_ACTIVE_ARCH = YES;
				SDKROOT = iphoneos;
				SWIFT_ACTIVE_COMPILATION_CONDITIONS = DEBUG;
				SWIFT_OPTIMIZATION_LEVEL = "-Onone";
			};
			name = Debug;
		};
		01DEF46F27BC81B2000974D6 /* Release */ = {
			isa = XCBuildConfiguration;
			buildSettings = {
				ALWAYS_SEARCH_USER_PATHS = NO;
				CLANG_ANALYZER_NONNULL = YES;
				CLANG_ANALYZER_NUMBER_OBJECT_CONVERSION = YES_AGGRESSIVE;
				CLANG_CXX_LANGUAGE_STANDARD = "gnu++17";
				CLANG_CXX_LIBRARY = "libc++";
				CLANG_ENABLE_MODULES = YES;
				CLANG_ENABLE_OBJC_ARC = YES;
				CLANG_ENABLE_OBJC_WEAK = YES;
				CLANG_WARN_BLOCK_CAPTURE_AUTORELEASING = YES;
				CLANG_WARN_BOOL_CONVERSION = YES;
				CLANG_WARN_COMMA = YES;
				CLANG_WARN_CONSTANT_CONVERSION = YES;
				CLANG_WARN_DEPRECATED_OBJC_IMPLEMENTATIONS = YES;
				CLANG_WARN_DIRECT_OBJC_ISA_USAGE = YES_ERROR;
				CLANG_WARN_DOCUMENTATION_COMMENTS = YES;
				CLANG_WARN_EMPTY_BODY = YES;
				CLANG_WARN_ENUM_CONVERSION = YES;
				CLANG_WARN_INFINITE_RECURSION = YES;
				CLANG_WARN_INT_CONVERSION = YES;
				CLANG_WARN_NON_LITERAL_NULL_CONVERSION = YES;
				CLANG_WARN_OBJC_IMPLICIT_RETAIN_SELF = YES;
				CLANG_WARN_OBJC_LITERAL_CONVERSION = YES;
				CLANG_WARN_OBJC_ROOT_CLASS = YES_ERROR;
				CLANG_WARN_QUOTED_INCLUDE_IN_FRAMEWORK_HEADER = YES;
				CLANG_WARN_RANGE_LOOP_ANALYSIS = YES;
				CLANG_WARN_STRICT_PROTOTYPES = YES;
				CLANG_WARN_SUSPICIOUS_MOVE = YES;
				CLANG_WARN_UNGUARDED_AVAILABILITY = YES_AGGRESSIVE;
				CLANG_WARN_UNREACHABLE_CODE = YES;
				CLANG_WARN__DUPLICATE_METHOD_MATCH = YES;
				COPY_PHASE_STRIP = NO;
				DEBUG_INFORMATION_FORMAT = "dwarf-with-dsym";
				ENABLE_NS_ASSERTIONS = NO;
				ENABLE_STRICT_OBJC_MSGSEND = YES;
				GCC_C_LANGUAGE_STANDARD = gnu11;
				GCC_NO_COMMON_BLOCKS = YES;
				GCC_WARN_64_TO_32_BIT_CONVERSION = YES;
				GCC_WARN_ABOUT_RETURN_TYPE = YES_ERROR;
				GCC_WARN_UNDECLARED_SELECTOR = YES;
				GCC_WARN_UNINITIALIZED_AUTOS = YES_AGGRESSIVE;
				GCC_WARN_UNUSED_FUNCTION = YES;
				GCC_WARN_UNUSED_VARIABLE = YES;
				IPHONEOS_DEPLOYMENT_TARGET = 15.2;
				MTL_ENABLE_DEBUG_INFO = NO;
				MTL_FAST_MATH = YES;
				SDKROOT = iphoneos;
				SWIFT_COMPILATION_MODE = wholemodule;
				SWIFT_OPTIMIZATION_LEVEL = "-O";
				VALIDATE_PRODUCT = YES;
			};
			name = Release;
		};
		01DEF47127BC81B2000974D6 /* Debug */ = {
			isa = XCBuildConfiguration;
			buildSettings = {
				ASSETCATALOG_COMPILER_APPICON_NAME = AppIcon;
				ASSETCATALOG_COMPILER_GLOBAL_ACCENT_COLOR_NAME = AccentColor;
				CODE_SIGN_STYLE = Automatic;
				CURRENT_PROJECT_VERSION = 1;
				DEVELOPMENT_TEAM = TGR2SR2JNL;
				GENERATE_INFOPLIST_FILE = YES;
				INFOPLIST_FILE = UserNotification/Info.plist;
				INFOPLIST_KEY_UIApplicationSupportsIndirectInputEvents = YES;
				INFOPLIST_KEY_UILaunchStoryboardName = LaunchScreen;
				INFOPLIST_KEY_UIMainStoryboardFile = Main;
				INFOPLIST_KEY_UISupportedInterfaceOrientations_iPad = "UIInterfaceOrientationPortrait UIInterfaceOrientationPortraitUpsideDown UIInterfaceOrientationLandscapeLeft UIInterfaceOrientationLandscapeRight";
				INFOPLIST_KEY_UISupportedInterfaceOrientations_iPhone = "UIInterfaceOrientationPortrait UIInterfaceOrientationLandscapeLeft UIInterfaceOrientationLandscapeRight";
				LD_RUNPATH_SEARCH_PATHS = (
					"$(inherited)",
					"@executable_path/Frameworks",
				);
				MARKETING_VERSION = 1.0;
				PRODUCT_BUNDLE_IDENTIFIER = Kim.UserNotification;
				PRODUCT_NAME = "$(TARGET_NAME)";
				SWIFT_EMIT_LOC_STRINGS = YES;
				SWIFT_VERSION = 5.0;
				TARGETED_DEVICE_FAMILY = "1,2";
			};
			name = Debug;
		};
		01DEF47227BC81B2000974D6 /* Release */ = {
			isa = XCBuildConfiguration;
			buildSettings = {
				ASSETCATALOG_COMPILER_APPICON_NAME = AppIcon;
				ASSETCATALOG_COMPILER_GLOBAL_ACCENT_COLOR_NAME = AccentColor;
				CODE_SIGN_STYLE = Automatic;
				CURRENT_PROJECT_VERSION = 1;
				DEVELOPMENT_TEAM = TGR2SR2JNL;
				GENERATE_INFOPLIST_FILE = YES;
				INFOPLIST_FILE = UserNotification/Info.plist;
				INFOPLIST_KEY_UIApplicationSupportsIndirectInputEvents = YES;
				INFOPLIST_KEY_UILaunchStoryboardName = LaunchScreen;
				INFOPLIST_KEY_UIMainStoryboardFile = Main;
				INFOPLIST_KEY_UISupportedInterfaceOrientations_iPad = "UIInterfaceOrientationPortrait UIInterfaceOrientationPortraitUpsideDown UIInterfaceOrientationLandscapeLeft UIInterfaceOrientationLandscapeRight";
				INFOPLIST_KEY_UISupportedInterfaceOrientations_iPhone = "UIInterfaceOrientationPortrait UIInterfaceOrientationLandscapeLeft UIInterfaceOrientationLandscapeRight";
				LD_RUNPATH_SEARCH_PATHS = (
					"$(inherited)",
					"@executable_path/Frameworks",
				);
				MARKETING_VERSION = 1.0;
				PRODUCT_BUNDLE_IDENTIFIER = Kim.UserNotification;
				PRODUCT_NAME = "$(TARGET_NAME)";
				SWIFT_EMIT_LOC_STRINGS = YES;
				SWIFT_VERSION = 5.0;
				TARGETED_DEVICE_FAMILY = "1,2";
			};
			name = Release;
		};
/* End XCBuildConfiguration section */

/* Begin XCConfigurationList section */
		01DEF45727BC81B1000974D6 /* Build configuration list for PBXProject "UserNotification" */ = {
			isa = XCConfigurationList;
			buildConfigurations = (
				01DEF46E27BC81B2000974D6 /* Debug */,
				01DEF46F27BC81B2000974D6 /* Release */,
			);
			defaultConfigurationIsVisible = 0;
			defaultConfigurationName = Release;
		};
		01DEF47027BC81B2000974D6 /* Build configuration list for PBXNativeTarget "UserNotification" */ = {
			isa = XCConfigurationList;
			buildConfigurations = (
				01DEF47127BC81B2000974D6 /* Debug */,
				01DEF47227BC81B2000974D6 /* Release */,
			);
			defaultConfigurationIsVisible = 0;
			defaultConfigurationName = Release;
		};
/* End XCConfigurationList section */
	};
	rootObject = 01DEF45427BC81B1000974D6 /* Project object */;
}
